// !$*UTF8*$!
{
	archiveVersion = 1;
	classes = {
	};
	objectVersion = 55;
	objects = {

/* Begin PBXBuildFile section */
		2C663C81DA4874F7D945EFC2 /* Pods_TestCurrency.framework in Frameworks */ = {isa = PBXBuildFile; fileRef = 8E0BFB5BBB3467E64ABA3565 /* Pods_TestCurrency.framework */; };
		2D5EF0655D95847FC376351B /* Pods_TestCurrencyTests.framework in Frameworks */ = {isa = PBXBuildFile; fileRef = CFF497971A12E03005259E4A /* Pods_TestCurrencyTests.framework */; };
		A863BB025DA320F537045335 /* Pods_TestCurrency_TestCurrencyUITests.framework in Frameworks */ = {isa = PBXBuildFile; fileRef = 3EA113AB31034D94585E518C /* Pods_TestCurrency_TestCurrencyUITests.framework */; };
		F505A57829886A2800E17545 /* AppDelegate.swift in Sources */ = {isa = PBXBuildFile; fileRef = F505A57729886A2800E17545 /* AppDelegate.swift */; };
		F505A57A29886A2800E17545 /* SceneDelegate.swift in Sources */ = {isa = PBXBuildFile; fileRef = F505A57929886A2800E17545 /* SceneDelegate.swift */; };
		F505A57C29886A2900E17545 /* ViewController.swift in Sources */ = {isa = PBXBuildFile; fileRef = F505A57B29886A2800E17545 /* ViewController.swift */; };
		F505A57F29886A2900E17545 /* Main.storyboard in Resources */ = {isa = PBXBuildFile; fileRef = F505A57D29886A2900E17545 /* Main.storyboard */; };
		F505A58229886A2900E17545 /* TestCurrency.xcdatamodeld in Sources */ = {isa = PBXBuildFile; fileRef = F505A58029886A2900E17545 /* TestCurrency.xcdatamodeld */; };
		F505A58429886A2A00E17545 /* Assets.xcassets in Resources */ = {isa = PBXBuildFile; fileRef = F505A58329886A2A00E17545 /* Assets.xcassets */; };
		F505A58729886A2A00E17545 /* LaunchScreen.storyboard in Resources */ = {isa = PBXBuildFile; fileRef = F505A58529886A2A00E17545 /* LaunchScreen.storyboard */; };
		F505A59229886A2B00E17545 /* TestCurrencyTests.swift in Sources */ = {isa = PBXBuildFile; fileRef = F505A59129886A2B00E17545 /* TestCurrencyTests.swift */; };
		F505A59C29886A2B00E17545 /* TestCurrencyUITests.swift in Sources */ = {isa = PBXBuildFile; fileRef = F505A59B29886A2B00E17545 /* TestCurrencyUITests.swift */; };
		F505A59E29886A2B00E17545 /* TestCurrencyUITestsLaunchTests.swift in Sources */ = {isa = PBXBuildFile; fileRef = F505A59D29886A2B00E17545 /* TestCurrencyUITestsLaunchTests.swift */; };
		F58DD261298876630072A1A2 /* MarketTableViewController.swift in Sources */ = {isa = PBXBuildFile; fileRef = F58DD260298876630072A1A2 /* MarketTableViewController.swift */; };
		F58DD266298876A20072A1A2 /* CustomTableViewController.swift in Sources */ = {isa = PBXBuildFile; fileRef = F58DD265298876A20072A1A2 /* CustomTableViewController.swift */; };
		F58DD2692988774A0072A1A2 /* APIService.swift in Sources */ = {isa = PBXBuildFile; fileRef = F58DD2682988774A0072A1A2 /* APIService.swift */; };
		F58DD26C298877A20072A1A2 /* MarketViewModel.swift in Sources */ = {isa = PBXBuildFile; fileRef = F58DD26B298877A20072A1A2 /* MarketViewModel.swift */; };
		F58DD270298878020072A1A2 /* CustomCell.swift in Sources */ = {isa = PBXBuildFile; fileRef = F58DD26F298878020072A1A2 /* CustomCell.swift */; };
		F58DD2742988784F0072A1A2 /* MarketTableViewCell.swift in Sources */ = {isa = PBXBuildFile; fileRef = F58DD2722988784F0072A1A2 /* MarketTableViewCell.swift */; };
		F58DD2752988784F0072A1A2 /* MarketTableViewCell.xib in Resources */ = {isa = PBXBuildFile; fileRef = F58DD2732988784F0072A1A2 /* MarketTableViewCell.xib */; };
		F58DD277298879AA0072A1A2 /* MarketCustomCell.swift in Sources */ = {isa = PBXBuildFile; fileRef = F58DD276298879AA0072A1A2 /* MarketCustomCell.swift */; };
/* End PBXBuildFile section */

/* Begin PBXContainerItemProxy section */
		F505A58E29886A2B00E17545 /* PBXContainerItemProxy */ = {
			isa = PBXContainerItemProxy;
			containerPortal = F505A56C29886A2800E17545 /* Project object */;
			proxyType = 1;
			remoteGlobalIDString = F505A57329886A2800E17545;
			remoteInfo = TestCurrency;
		};
		F505A59829886A2B00E17545 /* PBXContainerItemProxy */ = {
			isa = PBXContainerItemProxy;
			containerPortal = F505A56C29886A2800E17545 /* Project object */;
			proxyType = 1;
			remoteGlobalIDString = F505A57329886A2800E17545;
			remoteInfo = TestCurrency;
		};
/* End PBXContainerItemProxy section */

/* Begin PBXFileReference section */
		3EA113AB31034D94585E518C /* Pods_TestCurrency_TestCurrencyUITests.framework */ = {isa = PBXFileReference; explicitFileType = wrapper.framework; includeInIndex = 0; path = Pods_TestCurrency_TestCurrencyUITests.framework; sourceTree = BUILT_PRODUCTS_DIR; };
		5DC1AABB45F2162F3E47EFDE /* Pods-TestCurrencyTests.release.xcconfig */ = {isa = PBXFileReference; includeInIndex = 1; lastKnownFileType = text.xcconfig; name = "Pods-TestCurrencyTests.release.xcconfig"; path = "Target Support Files/Pods-TestCurrencyTests/Pods-TestCurrencyTests.release.xcconfig"; sourceTree = "<group>"; };
		6E056C1CB615F28040A7C569 /* Pods-TestCurrency-TestCurrencyUITests.release.xcconfig */ = {isa = PBXFileReference; includeInIndex = 1; lastKnownFileType = text.xcconfig; name = "Pods-TestCurrency-TestCurrencyUITests.release.xcconfig"; path = "Target Support Files/Pods-TestCurrency-TestCurrencyUITests/Pods-TestCurrency-TestCurrencyUITests.release.xcconfig"; sourceTree = "<group>"; };
		6F878AC7ACC74BAF9DD0C9DD /* Pods-TestCurrency.release.xcconfig */ = {isa = PBXFileReference; includeInIndex = 1; lastKnownFileType = text.xcconfig; name = "Pods-TestCurrency.release.xcconfig"; path = "Target Support Files/Pods-TestCurrency/Pods-TestCurrency.release.xcconfig"; sourceTree = "<group>"; };
		74333AD202E55C95D7AF1816 /* Pods-TestCurrencyTests.debug.xcconfig */ = {isa = PBXFileReference; includeInIndex = 1; lastKnownFileType = text.xcconfig; name = "Pods-TestCurrencyTests.debug.xcconfig"; path = "Target Support Files/Pods-TestCurrencyTests/Pods-TestCurrencyTests.debug.xcconfig"; sourceTree = "<group>"; };
		74BC424FAA43AF53626DBA9C /* Pods-TestCurrency-TestCurrencyUITests.debug.xcconfig */ = {isa = PBXFileReference; includeInIndex = 1; lastKnownFileType = text.xcconfig; name = "Pods-TestCurrency-TestCurrencyUITests.debug.xcconfig"; path = "Target Support Files/Pods-TestCurrency-TestCurrencyUITests/Pods-TestCurrency-TestCurrencyUITests.debug.xcconfig"; sourceTree = "<group>"; };
		879F3061FBD9618E136535E1 /* Pods-TestCurrency.debug.xcconfig */ = {isa = PBXFileReference; includeInIndex = 1; lastKnownFileType = text.xcconfig; name = "Pods-TestCurrency.debug.xcconfig"; path = "Target Support Files/Pods-TestCurrency/Pods-TestCurrency.debug.xcconfig"; sourceTree = "<group>"; };
		8E0BFB5BBB3467E64ABA3565 /* Pods_TestCurrency.framework */ = {isa = PBXFileReference; explicitFileType = wrapper.framework; includeInIndex = 0; path = Pods_TestCurrency.framework; sourceTree = BUILT_PRODUCTS_DIR; };
		CFF497971A12E03005259E4A /* Pods_TestCurrencyTests.framework */ = {isa = PBXFileReference; explicitFileType = wrapper.framework; includeInIndex = 0; path = Pods_TestCurrencyTests.framework; sourceTree = BUILT_PRODUCTS_DIR; };
		F505A57429886A2800E17545 /* TestCurrency.app */ = {isa = PBXFileReference; explicitFileType = wrapper.application; includeInIndex = 0; path = TestCurrency.app; sourceTree = BUILT_PRODUCTS_DIR; };
		F505A57729886A2800E17545 /* AppDelegate.swift */ = {isa = PBXFileReference; lastKnownFileType = sourcecode.swift; path = AppDelegate.swift; sourceTree = "<group>"; };
		F505A57929886A2800E17545 /* SceneDelegate.swift */ = {isa = PBXFileReference; lastKnownFileType = sourcecode.swift; path = SceneDelegate.swift; sourceTree = "<group>"; };
		F505A57B29886A2800E17545 /* ViewController.swift */ = {isa = PBXFileReference; lastKnownFileType = sourcecode.swift; path = ViewController.swift; sourceTree = "<group>"; };
		F505A57E29886A2900E17545 /* Base */ = {isa = PBXFileReference; lastKnownFileType = file.storyboard; name = Base; path = Base.lproj/Main.storyboard; sourceTree = "<group>"; };
		F505A58129886A2900E17545 /* TestCurrency.xcdatamodel */ = {isa = PBXFileReference; lastKnownFileType = wrapper.xcdatamodel; path = TestCurrency.xcdatamodel; sourceTree = "<group>"; };
		F505A58329886A2A00E17545 /* Assets.xcassets */ = {isa = PBXFileReference; lastKnownFileType = folder.assetcatalog; path = Assets.xcassets; sourceTree = "<group>"; };
		F505A58629886A2A00E17545 /* Base */ = {isa = PBXFileReference; lastKnownFileType = file.storyboard; name = Base; path = Base.lproj/LaunchScreen.storyboard; sourceTree = "<group>"; };
		F505A58829886A2A00E17545 /* Info.plist */ = {isa = PBXFileReference; lastKnownFileType = text.plist.xml; path = Info.plist; sourceTree = "<group>"; };
		F505A58D29886A2B00E17545 /* TestCurrencyTests.xctest */ = {isa = PBXFileReference; explicitFileType = wrapper.cfbundle; includeInIndex = 0; path = TestCurrencyTests.xctest; sourceTree = BUILT_PRODUCTS_DIR; };
		F505A59129886A2B00E17545 /* TestCurrencyTests.swift */ = {isa = PBXFileReference; lastKnownFileType = sourcecode.swift; path = TestCurrencyTests.swift; sourceTree = "<group>"; };
		F505A59729886A2B00E17545 /* TestCurrencyUITests.xctest */ = {isa = PBXFileReference; explicitFileType = wrapper.cfbundle; includeInIndex = 0; path = TestCurrencyUITests.xctest; sourceTree = BUILT_PRODUCTS_DIR; };
		F505A59B29886A2B00E17545 /* TestCurrencyUITests.swift */ = {isa = PBXFileReference; lastKnownFileType = sourcecode.swift; path = TestCurrencyUITests.swift; sourceTree = "<group>"; };
		F505A59D29886A2B00E17545 /* TestCurrencyUITestsLaunchTests.swift */ = {isa = PBXFileReference; lastKnownFileType = sourcecode.swift; path = TestCurrencyUITestsLaunchTests.swift; sourceTree = "<group>"; };
		F58DD260298876630072A1A2 /* MarketTableViewController.swift */ = {isa = PBXFileReference; lastKnownFileType = sourcecode.swift; path = MarketTableViewController.swift; sourceTree = "<group>"; };
		F58DD265298876A20072A1A2 /* CustomTableViewController.swift */ = {isa = PBXFileReference; lastKnownFileType = sourcecode.swift; path = CustomTableViewController.swift; sourceTree = "<group>"; };
		F58DD2682988774A0072A1A2 /* APIService.swift */ = {isa = PBXFileReference; lastKnownFileType = sourcecode.swift; path = APIService.swift; sourceTree = "<group>"; };
		F58DD26B298877A20072A1A2 /* MarketViewModel.swift */ = {isa = PBXFileReference; lastKnownFileType = sourcecode.swift; path = MarketViewModel.swift; sourceTree = "<group>"; };
		F58DD26F298878020072A1A2 /* CustomCell.swift */ = {isa = PBXFileReference; lastKnownFileType = sourcecode.swift; path = CustomCell.swift; sourceTree = "<group>"; };
		F58DD2722988784F0072A1A2 /* MarketTableViewCell.swift */ = {isa = PBXFileReference; lastKnownFileType = sourcecode.swift; path = MarketTableViewCell.swift; sourceTree = "<group>"; };
		F58DD2732988784F0072A1A2 /* MarketTableViewCell.xib */ = {isa = PBXFileReference; lastKnownFileType = file.xib; path = MarketTableViewCell.xib; sourceTree = "<group>"; };
		F58DD276298879AA0072A1A2 /* MarketCustomCell.swift */ = {isa = PBXFileReference; lastKnownFileType = sourcecode.swift; path = MarketCustomCell.swift; sourceTree = "<group>"; };
/* End PBXFileReference section */

/* Begin PBXFrameworksBuildPhase section */
		F505A57129886A2800E17545 /* Frameworks */ = {
			isa = PBXFrameworksBuildPhase;
			buildActionMask = 2147483647;
			files = (
				2C663C81DA4874F7D945EFC2 /* Pods_TestCurrency.framework in Frameworks */,
			);
			runOnlyForDeploymentPostprocessing = 0;
		};
		F505A58A29886A2B00E17545 /* Frameworks */ = {
			isa = PBXFrameworksBuildPhase;
			buildActionMask = 2147483647;
			files = (
				2D5EF0655D95847FC376351B /* Pods_TestCurrencyTests.framework in Frameworks */,
			);
			runOnlyForDeploymentPostprocessing = 0;
		};
		F505A59429886A2B00E17545 /* Frameworks */ = {
			isa = PBXFrameworksBuildPhase;
			buildActionMask = 2147483647;
			files = (
				A863BB025DA320F537045335 /* Pods_TestCurrency_TestCurrencyUITests.framework in Frameworks */,
			);
			runOnlyForDeploymentPostprocessing = 0;
		};
/* End PBXFrameworksBuildPhase section */

/* Begin PBXGroup section */
		A2757F54FD17396FF0A248C2 /* Frameworks */ = {
			isa = PBXGroup;
			children = (
				8E0BFB5BBB3467E64ABA3565 /* Pods_TestCurrency.framework */,
				3EA113AB31034D94585E518C /* Pods_TestCurrency_TestCurrencyUITests.framework */,
				CFF497971A12E03005259E4A /* Pods_TestCurrencyTests.framework */,
			);
			name = Frameworks;
			sourceTree = "<group>";
		};
		E702DDBAF581401758C15272 /* Pods */ = {
			isa = PBXGroup;
			children = (
				879F3061FBD9618E136535E1 /* Pods-TestCurrency.debug.xcconfig */,
				6F878AC7ACC74BAF9DD0C9DD /* Pods-TestCurrency.release.xcconfig */,
				74BC424FAA43AF53626DBA9C /* Pods-TestCurrency-TestCurrencyUITests.debug.xcconfig */,
				6E056C1CB615F28040A7C569 /* Pods-TestCurrency-TestCurrencyUITests.release.xcconfig */,
				74333AD202E55C95D7AF1816 /* Pods-TestCurrencyTests.debug.xcconfig */,
				5DC1AABB45F2162F3E47EFDE /* Pods-TestCurrencyTests.release.xcconfig */,
			);
			path = Pods;
			sourceTree = "<group>";
		};
		F505A56B29886A2800E17545 = {
			isa = PBXGroup;
			children = (
				F505A57629886A2800E17545 /* TestCurrency */,
				F505A59029886A2B00E17545 /* TestCurrencyTests */,
				F505A59A29886A2B00E17545 /* TestCurrencyUITests */,
				F505A57529886A2800E17545 /* Products */,
				E702DDBAF581401758C15272 /* Pods */,
				A2757F54FD17396FF0A248C2 /* Frameworks */,
			);
			sourceTree = "<group>";
		};
		F505A57529886A2800E17545 /* Products */ = {
			isa = PBXGroup;
			children = (
				F505A57429886A2800E17545 /* TestCurrency.app */,
				F505A58D29886A2B00E17545 /* TestCurrencyTests.xctest */,
				F505A59729886A2B00E17545 /* TestCurrencyUITests.xctest */,
			);
			name = Products;
			sourceTree = "<group>";
		};
		F505A57629886A2800E17545 /* TestCurrency */ = {
			isa = PBXGroup;
			children = (
				F58DD26E298877F30072A1A2 /* Template */,
				F58DD2672988772B0072A1A2 /* Services */,
				F58DD2622988767C0072A1A2 /* Helper */,
				F58DD25E2988762C0072A1A2 /* Screens */,
				F505A57729886A2800E17545 /* AppDelegate.swift */,
				F505A57929886A2800E17545 /* SceneDelegate.swift */,
				F505A57B29886A2800E17545 /* ViewController.swift */,
				F505A57D29886A2900E17545 /* Main.storyboard */,
				F505A58329886A2A00E17545 /* Assets.xcassets */,
				F505A58529886A2A00E17545 /* LaunchScreen.storyboard */,
				F505A58829886A2A00E17545 /* Info.plist */,
				F505A58029886A2900E17545 /* TestCurrency.xcdatamodeld */,
			);
			path = TestCurrency;
			sourceTree = "<group>";
		};
		F505A59029886A2B00E17545 /* TestCurrencyTests */ = {
			isa = PBXGroup;
			children = (
				F505A59129886A2B00E17545 /* TestCurrencyTests.swift */,
			);
			path = TestCurrencyTests;
			sourceTree = "<group>";
		};
		F505A59A29886A2B00E17545 /* TestCurrencyUITests */ = {
			isa = PBXGroup;
			children = (
				F505A59B29886A2B00E17545 /* TestCurrencyUITests.swift */,
				F505A59D29886A2B00E17545 /* TestCurrencyUITestsLaunchTests.swift */,
			);
			path = TestCurrencyUITests;
			sourceTree = "<group>";
		};
		F58DD25E2988762C0072A1A2 /* Screens */ = {
			isa = PBXGroup;
			children = (
				F58DD25F298876370072A1A2 /* Market View */,
			);
			path = Screens;
			sourceTree = "<group>";
		};
		F58DD25F298876370072A1A2 /* Market View */ = {
			isa = PBXGroup;
			children = (
				F58DD26A298877920072A1A2 /* ViewModel */,
				F58DD260298876630072A1A2 /* MarketTableViewController.swift */,
			);
			path = "Market View";
			sourceTree = "<group>";
		};
		F58DD2622988767C0072A1A2 /* Helper */ = {
			isa = PBXGroup;
			children = (
				F58DD263298876820072A1A2 /* Custom */,
			);
			path = Helper;
			sourceTree = "<group>";
		};
		F58DD263298876820072A1A2 /* Custom */ = {
			isa = PBXGroup;
			children = (
				F58DD26D298877D70072A1A2 /* Custom TableViewCell */,
				F58DD264298876880072A1A2 /* Custom TableView */,
				F58DD26F298878020072A1A2 /* CustomCell.swift */,
			);
			path = Custom;
			sourceTree = "<group>";
		};
		F58DD264298876880072A1A2 /* Custom TableView */ = {
			isa = PBXGroup;
			children = (
				F58DD265298876A20072A1A2 /* CustomTableViewController.swift */,
			);
			path = "Custom TableView";
			sourceTree = "<group>";
		};
		F58DD2672988772B0072A1A2 /* Services */ = {
			isa = PBXGroup;
			children = (
				F58DD2682988774A0072A1A2 /* APIService.swift */,
			);
			path = Services;
			sourceTree = "<group>";
		};
		F58DD26A298877920072A1A2 /* ViewModel */ = {
			isa = PBXGroup;
			children = (
				F58DD26B298877A20072A1A2 /* MarketViewModel.swift */,
			);
			path = ViewModel;
			sourceTree = "<group>";
		};
		F58DD26D298877D70072A1A2 /* Custom TableViewCell */ = {
			isa = PBXGroup;
			children = (
				F58DD276298879AA0072A1A2 /* MarketCustomCell.swift */,
			);
			path = "Custom TableViewCell";
			sourceTree = "<group>";
		};
		F58DD26E298877F30072A1A2 /* Template */ = {
			isa = PBXGroup;
			children = (
				F58DD271298878370072A1A2 /* Market TableViewCell */,
			);
			path = Template;
			sourceTree = "<group>";
		};
		F58DD271298878370072A1A2 /* Market TableViewCell */ = {
			isa = PBXGroup;
			children = (
				F58DD2722988784F0072A1A2 /* MarketTableViewCell.swift */,
				F58DD2732988784F0072A1A2 /* MarketTableViewCell.xib */,
			);
			path = "Market TableViewCell";
			sourceTree = "<group>";
		};
/* End PBXGroup section */

/* Begin PBXNativeTarget section */
		F505A57329886A2800E17545 /* TestCurrency */ = {
			isa = PBXNativeTarget;
			buildConfigurationList = F505A5A129886A2B00E17545 /* Build configuration list for PBXNativeTarget "TestCurrency" */;
			buildPhases = (
				9BDCDE69BC56F4A3C0734A1C /* [CP] Check Pods Manifest.lock */,
				F505A57029886A2800E17545 /* Sources */,
				F505A57129886A2800E17545 /* Frameworks */,
				F505A57229886A2800E17545 /* Resources */,
				3A04C149099C79A0CC3CC070 /* [CP] Embed Pods Frameworks */,
			);
			buildRules = (
			);
			dependencies = (
			);
			name = TestCurrency;
			productName = TestCurrency;
			productReference = F505A57429886A2800E17545 /* TestCurrency.app */;
			productType = "com.apple.product-type.application";
		};
		F505A58C29886A2B00E17545 /* TestCurrencyTests */ = {
			isa = PBXNativeTarget;
			buildConfigurationList = F505A5A429886A2B00E17545 /* Build configuration list for PBXNativeTarget "TestCurrencyTests" */;
			buildPhases = (
				BC471066679151418540D14B /* [CP] Check Pods Manifest.lock */,
				F505A58929886A2B00E17545 /* Sources */,
				F505A58A29886A2B00E17545 /* Frameworks */,
				F505A58B29886A2B00E17545 /* Resources */,
			);
			buildRules = (
			);
			dependencies = (
				F505A58F29886A2B00E17545 /* PBXTargetDependency */,
			);
			name = TestCurrencyTests;
			productName = TestCurrencyTests;
			productReference = F505A58D29886A2B00E17545 /* TestCurrencyTests.xctest */;
			productType = "com.apple.product-type.bundle.unit-test";
		};
		F505A59629886A2B00E17545 /* TestCurrencyUITests */ = {
			isa = PBXNativeTarget;
			buildConfigurationList = F505A5A729886A2B00E17545 /* Build configuration list for PBXNativeTarget "TestCurrencyUITests" */;
			buildPhases = (
				9934FFFE6B7810A8436C3008 /* [CP] Check Pods Manifest.lock */,
				F505A59329886A2B00E17545 /* Sources */,
				F505A59429886A2B00E17545 /* Frameworks */,
				F505A59529886A2B00E17545 /* Resources */,
				DAFC43E98DCA79B8D5BEE77D /* [CP] Embed Pods Frameworks */,
			);
			buildRules = (
			);
			dependencies = (
				F505A59929886A2B00E17545 /* PBXTargetDependency */,
			);
			name = TestCurrencyUITests;
			productName = TestCurrencyUITests;
			productReference = F505A59729886A2B00E17545 /* TestCurrencyUITests.xctest */;
			productType = "com.apple.product-type.bundle.ui-testing";
		};
/* End PBXNativeTarget section */

/* Begin PBXProject section */
		F505A56C29886A2800E17545 /* Project object */ = {
			isa = PBXProject;
			attributes = {
				BuildIndependentTargetsInParallel = 1;
				LastSwiftUpdateCheck = 1420;
				LastUpgradeCheck = 1420;
				TargetAttributes = {
					F505A57329886A2800E17545 = {
						CreatedOnToolsVersion = 14.2;
					};
					F505A58C29886A2B00E17545 = {
						CreatedOnToolsVersion = 14.2;
						TestTargetID = F505A57329886A2800E17545;
					};
					F505A59629886A2B00E17545 = {
						CreatedOnToolsVersion = 14.2;
						TestTargetID = F505A57329886A2800E17545;
					};
				};
			};
			buildConfigurationList = F505A56F29886A2800E17545 /* Build configuration list for PBXProject "TestCurrency" */;
			compatibilityVersion = "Xcode 13.0";
			developmentRegion = en;
			hasScannedForEncodings = 0;
			knownRegions = (
				en,
				Base,
			);
			mainGroup = F505A56B29886A2800E17545;
			productRefGroup = F505A57529886A2800E17545 /* Products */;
			projectDirPath = "";
			projectRoot = "";
			targets = (
				F505A57329886A2800E17545 /* TestCurrency */,
				F505A58C29886A2B00E17545 /* TestCurrencyTests */,
				F505A59629886A2B00E17545 /* TestCurrencyUITests */,
			);
		};
/* End PBXProject section */

/* Begin PBXResourcesBuildPhase section */
		F505A57229886A2800E17545 /* Resources */ = {
			isa = PBXResourcesBuildPhase;
			buildActionMask = 2147483647;
			files = (
				F505A58729886A2A00E17545 /* LaunchScreen.storyboard in Resources */,
				F505A58429886A2A00E17545 /* Assets.xcassets in Resources */,
				F505A57F29886A2900E17545 /* Main.storyboard in Resources */,
				F58DD2752988784F0072A1A2 /* MarketTableViewCell.xib in Resources */,
			);
			runOnlyForDeploymentPostprocessing = 0;
		};
		F505A58B29886A2B00E17545 /* Resources */ = {
			isa = PBXResourcesBuildPhase;
			buildActionMask = 2147483647;
			files = (
			);
			runOnlyForDeploymentPostprocessing = 0;
		};
		F505A59529886A2B00E17545 /* Resources */ = {
			isa = PBXResourcesBuildPhase;
			buildActionMask = 2147483647;
			files = (
			);
			runOnlyForDeploymentPostprocessing = 0;
		};
/* End PBXResourcesBuildPhase section */

/* Begin PBXShellScriptBuildPhase section */
		3A04C149099C79A0CC3CC070 /* [CP] Embed Pods Frameworks */ = {
			isa = PBXShellScriptBuildPhase;
			buildActionMask = 2147483647;
			files = (
			);
			inputFileListPaths = (
				"${PODS_ROOT}/Target Support Files/Pods-TestCurrency/Pods-TestCurrency-frameworks-${CONFIGURATION}-input-files.xcfilelist",
			);
			name = "[CP] Embed Pods Frameworks";
			outputFileListPaths = (
				"${PODS_ROOT}/Target Support Files/Pods-TestCurrency/Pods-TestCurrency-frameworks-${CONFIGURATION}-output-files.xcfilelist",
			);
			runOnlyForDeploymentPostprocessing = 0;
			shellPath = /bin/sh;
			shellScript = "\"${PODS_ROOT}/Target Support Files/Pods-TestCurrency/Pods-TestCurrency-frameworks.sh\"\n";
			showEnvVarsInLog = 0;
		};
		9934FFFE6B7810A8436C3008 /* [CP] Check Pods Manifest.lock */ = {
			isa = PBXShellScriptBuildPhase;
			buildActionMask = 2147483647;
			files = (
			);
			inputFileListPaths = (
			);
			inputPaths = (
				"${PODS_PODFILE_DIR_PATH}/Podfile.lock",
				"${PODS_ROOT}/Manifest.lock",
			);
			name = "[CP] Check Pods Manifest.lock";
			outputFileListPaths = (
			);
			outputPaths = (
				"$(DERIVED_FILE_DIR)/Pods-TestCurrency-TestCurrencyUITests-checkManifestLockResult.txt",
			);
			runOnlyForDeploymentPostprocessing = 0;
			shellPath = /bin/sh;
			shellScript = "diff \"${PODS_PODFILE_DIR_PATH}/Podfile.lock\" \"${PODS_ROOT}/Manifest.lock\" > /dev/null\nif [ $? != 0 ] ; then\n    # print error to STDERR\n    echo \"error: The sandbox is not in sync with the Podfile.lock. Run 'pod install' or update your CocoaPods installation.\" >&2\n    exit 1\nfi\n# This output is used by Xcode 'outputs' to avoid re-running this script phase.\necho \"SUCCESS\" > \"${SCRIPT_OUTPUT_FILE_0}\"\n";
			showEnvVarsInLog = 0;
		};
		9BDCDE69BC56F4A3C0734A1C /* [CP] Check Pods Manifest.lock */ = {
			isa = PBXShellScriptBuildPhase;
			buildActionMask = 2147483647;
			files = (
			);
			inputFileListPaths = (
			);
			inputPaths = (
				"${PODS_PODFILE_DIR_PATH}/Podfile.lock",
				"${PODS_ROOT}/Manifest.lock",
			);
			name = "[CP] Check Pods Manifest.lock";
			outputFileListPaths = (
			);
			outputPaths = (
				"$(DERIVED_FILE_DIR)/Pods-TestCurrency-checkManifestLockResult.txt",
			);
			runOnlyForDeploymentPostprocessing = 0;
			shellPath = /bin/sh;
			shellScript = "diff \"${PODS_PODFILE_DIR_PATH}/Podfile.lock\" \"${PODS_ROOT}/Manifest.lock\" > /dev/null\nif [ $? != 0 ] ; then\n    # print error to STDERR\n    echo \"error: The sandbox is not in sync with the Podfile.lock. Run 'pod install' or update your CocoaPods installation.\" >&2\n    exit 1\nfi\n# This output is used by Xcode 'outputs' to avoid re-running this script phase.\necho \"SUCCESS\" > \"${SCRIPT_OUTPUT_FILE_0}\"\n";
			showEnvVarsInLog = 0;
		};
		BC471066679151418540D14B /* [CP] Check Pods Manifest.lock */ = {
			isa = PBXShellScriptBuildPhase;
			buildActionMask = 2147483647;
			files = (
			);
			inputFileListPaths = (
			);
			inputPaths = (
				"${PODS_PODFILE_DIR_PATH}/Podfile.lock",
				"${PODS_ROOT}/Manifest.lock",
			);
			name = "[CP] Check Pods Manifest.lock";
			outputFileListPaths = (
			);
			outputPaths = (
				"$(DERIVED_FILE_DIR)/Pods-TestCurrencyTests-checkManifestLockResult.txt",
			);
			runOnlyForDeploymentPostprocessing = 0;
			shellPath = /bin/sh;
			shellScript = "diff \"${PODS_PODFILE_DIR_PATH}/Podfile.lock\" \"${PODS_ROOT}/Manifest.lock\" > /dev/null\nif [ $? != 0 ] ; then\n    # print error to STDERR\n    echo \"error: The sandbox is not in sync with the Podfile.lock. Run 'pod install' or update your CocoaPods installation.\" >&2\n    exit 1\nfi\n# This output is used by Xcode 'outputs' to avoid re-running this script phase.\necho \"SUCCESS\" > \"${SCRIPT_OUTPUT_FILE_0}\"\n";
			showEnvVarsInLog = 0;
		};
		DAFC43E98DCA79B8D5BEE77D /* [CP] Embed Pods Frameworks */ = {
			isa = PBXShellScriptBuildPhase;
			buildActionMask = 2147483647;
			files = (
			);
			inputFileListPaths = (
				"${PODS_ROOT}/Target Support Files/Pods-TestCurrency-TestCurrencyUITests/Pods-TestCurrency-TestCurrencyUITests-frameworks-${CONFIGURATION}-input-files.xcfilelist",
			);
			name = "[CP] Embed Pods Frameworks";
			outputFileListPaths = (
				"${PODS_ROOT}/Target Support Files/Pods-TestCurrency-TestCurrencyUITests/Pods-TestCurrency-TestCurrencyUITests-frameworks-${CONFIGURATION}-output-files.xcfilelist",
			);
			runOnlyForDeploymentPostprocessing = 0;
			shellPath = /bin/sh;
			shellScript = "\"${PODS_ROOT}/Target Support Files/Pods-TestCurrency-TestCurrencyUITests/Pods-TestCurrency-TestCurrencyUITests-frameworks.sh\"\n";
			showEnvVarsInLog = 0;
		};
/* End PBXShellScriptBuildPhase section */

/* Begin PBXSourcesBuildPhase section */
		F505A57029886A2800E17545 /* Sources */ = {
			isa = PBXSourcesBuildPhase;
			buildActionMask = 2147483647;
			files = (
				F58DD26C298877A20072A1A2 /* MarketViewModel.swift in Sources */,
				F58DD261298876630072A1A2 /* MarketTableViewController.swift in Sources */,
				F58DD2692988774A0072A1A2 /* APIService.swift in Sources */,
				F58DD2742988784F0072A1A2 /* MarketTableViewCell.swift in Sources */,
				F505A58229886A2900E17545 /* TestCurrency.xcdatamodeld in Sources */,
				F505A57C29886A2900E17545 /* ViewController.swift in Sources */,
				F58DD270298878020072A1A2 /* CustomCell.swift in Sources */,
				F505A57829886A2800E17545 /* AppDelegate.swift in Sources */,
				F58DD266298876A20072A1A2 /* CustomTableViewController.swift in Sources */,
				F58DD277298879AA0072A1A2 /* MarketCustomCell.swift in Sources */,
				F505A57A29886A2800E17545 /* SceneDelegate.swift in Sources */,
			);
			runOnlyForDeploymentPostprocessing = 0;
		};
		F505A58929886A2B00E17545 /* Sources */ = {
			isa = PBXSourcesBuildPhase;
			buildActionMask = 2147483647;
			files = (
				F505A59229886A2B00E17545 /* TestCurrencyTests.swift in Sources */,
			);
			runOnlyForDeploymentPostprocessing = 0;
		};
		F505A59329886A2B00E17545 /* Sources */ = {
			isa = PBXSourcesBuildPhase;
			buildActionMask = 2147483647;
			files = (
				F505A59C29886A2B00E17545 /* TestCurrencyUITests.swift in Sources */,
				F505A59E29886A2B00E17545 /* TestCurrencyUITestsLaunchTests.swift in Sources */,
			);
			runOnlyForDeploymentPostprocessing = 0;
		};
/* End PBXSourcesBuildPhase section */

/* Begin PBXTargetDependency section */
		F505A58F29886A2B00E17545 /* PBXTargetDependency */ = {
			isa = PBXTargetDependency;
			target = F505A57329886A2800E17545 /* TestCurrency */;
			targetProxy = F505A58E29886A2B00E17545 /* PBXContainerItemProxy */;
		};
		F505A59929886A2B00E17545 /* PBXTargetDependency */ = {
			isa = PBXTargetDependency;
			target = F505A57329886A2800E17545 /* TestCurrency */;
			targetProxy = F505A59829886A2B00E17545 /* PBXContainerItemProxy */;
		};
/* End PBXTargetDependency section */

/* Begin PBXVariantGroup section */
		F505A57D29886A2900E17545 /* Main.storyboard */ = {
			isa = PBXVariantGroup;
			children = (
				F505A57E29886A2900E17545 /* Base */,
			);
			name = Main.storyboard;
			sourceTree = "<group>";
		};
		F505A58529886A2A00E17545 /* LaunchScreen.storyboard */ = {
			isa = PBXVariantGroup;
			children = (
				F505A58629886A2A00E17545 /* Base */,
			);
			name = LaunchScreen.storyboard;
			sourceTree = "<group>";
		};
/* End PBXVariantGroup section */

/* Begin XCBuildConfiguration section */
		F505A59F29886A2B00E17545 /* Debug */ = {
			isa = XCBuildConfiguration;
			buildSettings = {
				ALWAYS_SEARCH_USER_PATHS = NO;
				CLANG_ANALYZER_NONNULL = YES;
				CLANG_ANALYZER_NUMBER_OBJECT_CONVERSION = YES_AGGRESSIVE;
				CLANG_CXX_LANGUAGE_STANDARD = "gnu++20";
				CLANG_ENABLE_MODULES = YES;
				CLANG_ENABLE_OBJC_ARC = YES;
				CLANG_ENABLE_OBJC_WEAK = YES;
				CLANG_WARN_BLOCK_CAPTURE_AUTORELEASING = YES;
				CLANG_WARN_BOOL_CONVERSION = YES;
				CLANG_WARN_COMMA = YES;
				CLANG_WARN_CONSTANT_CONVERSION = YES;
				CLANG_WARN_DEPRECATED_OBJC_IMPLEMENTATIONS = YES;
				CLANG_WARN_DIRECT_OBJC_ISA_USAGE = YES_ERROR;
				CLANG_WARN_DOCUMENTATION_COMMENTS = YES;
				CLANG_WARN_EMPTY_BODY = YES;
				CLANG_WARN_ENUM_CONVERSION = YES;
				CLANG_WARN_INFINITE_RECURSION = YES;
				CLANG_WARN_INT_CONVERSION = YES;
				CLANG_WARN_NON_LITERAL_NULL_CONVERSION = YES;
				CLANG_WARN_OBJC_IMPLICIT_RETAIN_SELF = YES;
				CLANG_WARN_OBJC_LITERAL_CONVERSION = YES;
				CLANG_WARN_OBJC_ROOT_CLASS = YES_ERROR;
				CLANG_WARN_QUOTED_INCLUDE_IN_FRAMEWORK_HEADER = YES;
				CLANG_WARN_RANGE_LOOP_ANALYSIS = YES;
				CLANG_WARN_STRICT_PROTOTYPES = YES;
				CLANG_WARN_SUSPICIOUS_MOVE = YES;
				CLANG_WARN_UNGUARDED_AVAILABILITY = YES_AGGRESSIVE;
				CLANG_WARN_UNREACHABLE_CODE = YES;
				CLANG_WARN__DUPLICATE_METHOD_MATCH = YES;
				COPY_PHASE_STRIP = NO;
				DEBUG_INFORMATION_FORMAT = dwarf;
				ENABLE_STRICT_OBJC_MSGSEND = YES;
				ENABLE_TESTABILITY = YES;
				GCC_C_LANGUAGE_STANDARD = gnu11;
				GCC_DYNAMIC_NO_PIC = NO;
				GCC_NO_COMMON_BLOCKS = YES;
				GCC_OPTIMIZATION_LEVEL = 0;
				GCC_PREPROCESSOR_DEFINITIONS = (
					"DEBUG=1",
					"$(inherited)",
				);
				GCC_WARN_64_TO_32_BIT_CONVERSION = YES;
				GCC_WARN_ABOUT_RETURN_TYPE = YES_ERROR;
				GCC_WARN_UNDECLARED_SELECTOR = YES;
				GCC_WARN_UNINITIALIZED_AUTOS = YES_AGGRESSIVE;
				GCC_WARN_UNUSED_FUNCTION = YES;
				GCC_WARN_UNUSED_VARIABLE = YES;
				IPHONEOS_DEPLOYMENT_TARGET = 15.0;
				MTL_ENABLE_DEBUG_INFO = INCLUDE_SOURCE;
				MTL_FAST_MATH = YES;
				ONLY_ACTIVE_ARCH = YES;
				SDKROOT = iphoneos;
				SWIFT_ACTIVE_COMPILATION_CONDITIONS = DEBUG;
				SWIFT_OPTIMIZATION_LEVEL = "-Onone";
			};
			name = Debug;
		};
		F505A5A029886A2B00E17545 /* Release */ = {
			isa = XCBuildConfiguration;
			buildSettings = {
				ALWAYS_SEARCH_USER_PATHS = NO;
				CLANG_ANALYZER_NONNULL = YES;
				CLANG_ANALYZER_NUMBER_OBJECT_CONVERSION = YES_AGGRESSIVE;
				CLANG_CXX_LANGUAGE_STANDARD = "gnu++20";
				CLANG_ENABLE_MODULES = YES;
				CLANG_ENABLE_OBJC_ARC = YES;
				CLANG_ENABLE_OBJC_WEAK = YES;
				CLANG_WARN_BLOCK_CAPTURE_AUTORELEASING = YES;
				CLANG_WARN_BOOL_CONVERSION = YES;
				CLANG_WARN_COMMA = YES;
				CLANG_WARN_CONSTANT_CONVERSION = YES;
				CLANG_WARN_DEPRECATED_OBJC_IMPLEMENTATIONS = YES;
				CLANG_WARN_DIRECT_OBJC_ISA_USAGE = YES_ERROR;
				CLANG_WARN_DOCUMENTATION_COMMENTS = YES;
				CLANG_WARN_EMPTY_BODY = YES;
				CLANG_WARN_ENUM_CONVERSION = YES;
				CLANG_WARN_INFINITE_RECURSION = YES;
				CLANG_WARN_INT_CONVERSION = YES;
				CLANG_WARN_NON_LITERAL_NULL_CONVERSION = YES;
				CLANG_WARN_OBJC_IMPLICIT_RETAIN_SELF = YES;
				CLANG_WARN_OBJC_LITERAL_CONVERSION = YES;
				CLANG_WARN_OBJC_ROOT_CLASS = YES_ERROR;
				CLANG_WARN_QUOTED_INCLUDE_IN_FRAMEWORK_HEADER = YES;
				CLANG_WARN_RANGE_LOOP_ANALYSIS = YES;
				CLANG_WARN_STRICT_PROTOTYPES = YES;
				CLANG_WARN_SUSPICIOUS_MOVE = YES;
				CLANG_WARN_UNGUARDED_AVAILABILITY = YES_AGGRESSIVE;
				CLANG_WARN_UNREACHABLE_CODE = YES;
				CLANG_WARN__DUPLICATE_METHOD_MATCH = YES;
				COPY_PHASE_STRIP = NO;
				DEBUG_INFORMATION_FORMAT = "dwarf-with-dsym";
				ENABLE_NS_ASSERTIONS = NO;
				ENABLE_STRICT_OBJC_MSGSEND = YES;
				GCC_C_LANGUAGE_STANDARD = gnu11;
				GCC_NO_COMMON_BLOCKS = YES;
				GCC_WARN_64_TO_32_BIT_CONVERSION = YES;
				GCC_WARN_ABOUT_RETURN_TYPE = YES_ERROR;
				GCC_WARN_UNDECLARED_SELECTOR = YES;
				GCC_WARN_UNINITIALIZED_AUTOS = YES_AGGRESSIVE;
				GCC_WARN_UNUSED_FUNCTION = YES;
				GCC_WARN_UNUSED_VARIABLE = YES;
				IPHONEOS_DEPLOYMENT_TARGET = 15.0;
				MTL_ENABLE_DEBUG_INFO = NO;
				MTL_FAST_MATH = YES;
				SDKROOT = iphoneos;
				SWIFT_COMPILATION_MODE = wholemodule;
				SWIFT_OPTIMIZATION_LEVEL = "-O";
				VALIDATE_PRODUCT = YES;
			};
			name = Release;
		};
		F505A5A229886A2B00E17545 /* Debug */ = {
			isa = XCBuildConfiguration;
			baseConfigurationReference = 879F3061FBD9618E136535E1 /* Pods-TestCurrency.debug.xcconfig */;
			buildSettings = {
				ASSETCATALOG_COMPILER_APPICON_NAME = AppIcon;
				ASSETCATALOG_COMPILER_GLOBAL_ACCENT_COLOR_NAME = AccentColor;
				CODE_SIGN_STYLE = Automatic;
				CURRENT_PROJECT_VERSION = 1;
				DEVELOPMENT_TEAM = XUC9G6FBCM;
				GENERATE_INFOPLIST_FILE = YES;
				INFOPLIST_FILE = TestCurrency/Info.plist;
				INFOPLIST_KEY_UIApplicationSupportsIndirectInputEvents = YES;
				INFOPLIST_KEY_UILaunchStoryboardName = LaunchScreen;
				INFOPLIST_KEY_UIMainStoryboardFile = Main;
				INFOPLIST_KEY_UISupportedInterfaceOrientations_iPad = "UIInterfaceOrientationPortrait UIInterfaceOrientationPortraitUpsideDown UIInterfaceOrientationLandscapeLeft UIInterfaceOrientationLandscapeRight";
				INFOPLIST_KEY_UISupportedInterfaceOrientations_iPhone = "UIInterfaceOrientationPortrait UIInterfaceOrientationLandscapeLeft UIInterfaceOrientationLandscapeRight";
				IPHONEOS_DEPLOYMENT_TARGET = 15.0;
				LD_RUNPATH_SEARCH_PATHS = (
					"$(inherited)",
					"@executable_path/Frameworks",
				);
				MARKETING_VERSION = 1.0;
				PRODUCT_BUNDLE_IDENTIFIER = com.noom.TestCurrency;
				PRODUCT_NAME = "$(TARGET_NAME)";
				SUPPORTED_PLATFORMS = "iphoneos iphonesimulator";
				SUPPORTS_MACCATALYST = NO;
				SUPPORTS_MAC_DESIGNED_FOR_IPHONE_IPAD = NO;
				SWIFT_EMIT_LOC_STRINGS = YES;
				SWIFT_VERSION = 5.0;
				TARGETED_DEVICE_FAMILY = 1;
			};
			name = Debug;
		};
		F505A5A329886A2B00E17545 /* Release */ = {
			isa = XCBuildConfiguration;
			baseConfigurationReference = 6F878AC7ACC74BAF9DD0C9DD /* Pods-TestCurrency.release.xcconfig */;
			buildSettings = {
				ASSETCATALOG_COMPILER_APPICON_NAME = AppIcon;
				ASSETCATALOG_COMPILER_GLOBAL_ACCENT_COLOR_NAME = AccentColor;
				CODE_SIGN_STYLE = Automatic;
				CURRENT_PROJECT_VERSION = 1;
				DEVELOPMENT_TEAM = XUC9G6FBCM;
				GENERATE_INFOPLIST_FILE = YES;
				INFOPLIST_FILE = TestCurrency/Info.plist;
				INFOPLIST_KEY_UIApplicationSupportsIndirectInputEvents = YES;
				INFOPLIST_KEY_UILaunchStoryboardName = LaunchScreen;
				INFOPLIST_KEY_UIMainStoryboardFile = Main;
				INFOPLIST_KEY_UISupportedInterfaceOrientations_iPad = "UIInterfaceOrientationPortrait UIInterfaceOrientationPortraitUpsideDown UIInterfaceOrientationLandscapeLeft UIInterfaceOrientationLandscapeRight";
				INFOPLIST_KEY_UISupportedInterfaceOrientations_iPhone = "UIInterfaceOrientationPortrait UIInterfaceOrientationLandscapeLeft UIInterfaceOrientationLandscapeRight";
				IPHONEOS_DEPLOYMENT_TARGET = 15.0;
				LD_RUNPATH_SEARCH_PATHS = (
					"$(inherited)",
					"@executable_path/Frameworks",
				);
				MARKETING_VERSION = 1.0;
				PRODUCT_BUNDLE_IDENTIFIER = com.noom.TestCurrency;
				PRODUCT_NAME = "$(TARGET_NAME)";
				SUPPORTED_PLATFORMS = "iphoneos iphonesimulator";
				SUPPORTS_MACCATALYST = NO;
				SUPPORTS_MAC_DESIGNED_FOR_IPHONE_IPAD = NO;
				SWIFT_EMIT_LOC_STRINGS = YES;
				SWIFT_VERSION = 5.0;
				TARGETED_DEVICE_FAMILY = 1;
			};
			name = Release;
		};
		F505A5A529886A2B00E17545 /* Debug */ = {
			isa = XCBuildConfiguration;
			baseConfigurationReference = 74333AD202E55C95D7AF1816 /* Pods-TestCurrencyTests.debug.xcconfig */;
			buildSettings = {
				ALWAYS_EMBED_SWIFT_STANDARD_LIBRARIES = YES;
				BUNDLE_LOADER = "$(TEST_HOST)";
				CODE_SIGN_STYLE = Automatic;
				CURRENT_PROJECT_VERSION = 1;
				DEVELOPMENT_TEAM = XUC9G6FBCM;
				GENERATE_INFOPLIST_FILE = YES;
				IPHONEOS_DEPLOYMENT_TARGET = 16.2;
				MARKETING_VERSION = 1.0;
				PRODUCT_BUNDLE_IDENTIFIER = com.noom.TestCurrencyTests;
				PRODUCT_NAME = "$(TARGET_NAME)";
				SWIFT_EMIT_LOC_STRINGS = NO;
				SWIFT_VERSION = 5.0;
				TARGETED_DEVICE_FAMILY = "1,2";
				TEST_HOST = "$(BUILT_PRODUCTS_DIR)/TestCurrency.app/$(BUNDLE_EXECUTABLE_FOLDER_PATH)/TestCurrency";
			};
			name = Debug;
		};
		F505A5A629886A2B00E17545 /* Release */ = {
			isa = XCBuildConfiguration;
			baseConfigurationReference = 5DC1AABB45F2162F3E47EFDE /* Pods-TestCurrencyTests.release.xcconfig */;
			buildSettings = {
				ALWAYS_EMBED_SWIFT_STANDARD_LIBRARIES = YES;
				BUNDLE_LOADER = "$(TEST_HOST)";
				CODE_SIGN_STYLE = Automatic;
				CURRENT_PROJECT_VERSION = 1;
				DEVELOPMENT_TEAM = XUC9G6FBCM;
				GENERATE_INFOPLIST_FILE = YES;
				IPHONEOS_DEPLOYMENT_TARGET = 16.2;
				MARKETING_VERSION = 1.0;
				PRODUCT_BUNDLE_IDENTIFIER = com.noom.TestCurrencyTests;
				PRODUCT_NAME = "$(TARGET_NAME)";
				SWIFT_EMIT_LOC_STRINGS = NO;
				SWIFT_VERSION = 5.0;
				TARGETED_DEVICE_FAMILY = "1,2";
				TEST_HOST = "$(BUILT_PRODUCTS_DIR)/TestCurrency.app/$(BUNDLE_EXECUTABLE_FOLDER_PATH)/TestCurrency";
			};
			name = Release;
		};
		F505A5A829886A2B00E17545 /* Debug */ = {
			isa = XCBuildConfiguration;
			baseConfigurationReference = 74BC424FAA43AF53626DBA9C /* Pods-TestCurrency-TestCurrencyUITests.debug.xcconfig */;
			buildSettings = {
				ALWAYS_EMBED_SWIFT_STANDARD_LIBRARIES = YES;
				CODE_SIGN_STYLE = Automatic;
				CURRENT_PROJECT_VERSION = 1;
				DEVELOPMENT_TEAM = XUC9G6FBCM;
				GENERATE_INFOPLIST_FILE = YES;
				MARKETING_VERSION = 1.0;
				PRODUCT_BUNDLE_IDENTIFIER = com.noom.TestCurrencyUITests;
				PRODUCT_NAME = "$(TARGET_NAME)";
				SWIFT_EMIT_LOC_STRINGS = NO;
				SWIFT_VERSION = 5.0;
				TARGETED_DEVICE_FAMILY = "1,2";
				TEST_TARGET_NAME = TestCurrency;
			};
			name = Debug;
		};
		F505A5A929886A2B00E17545 /* Release */ = {
			isa = XCBuildConfiguration;
			baseConfigurationReference = 6E056C1CB615F28040A7C569 /* Pods-TestCurrency-TestCurrencyUITests.release.xcconfig */;
			buildSettings = {
				ALWAYS_EMBED_SWIFT_STANDARD_LIBRARIES = YES;
				CODE_SIGN_STYLE = Automatic;
				CURRENT_PROJECT_VERSION = 1;
				DEVELOPMENT_TEAM = XUC9G6FBCM;
				GENERATE_INFOPLIST_FILE = YES;
				MARKETING_VERSION = 1.0;
				PRODUCT_BUNDLE_IDENTIFIER = com.noom.TestCurrencyUITests;
				PRODUCT_NAME = "$(TARGET_NAME)";
				SWIFT_EMIT_LOC_STRINGS = NO;
				SWIFT_VERSION = 5.0;
				TARGETED_DEVICE_FAMILY = "1,2";
				TEST_TARGET_NAME = TestCurrency;
			};
			name = Release;
		};
/* End XCBuildConfiguration section */

/* Begin XCConfigurationList section */
		F505A56F29886A2800E17545 /* Build configuration list for PBXProject "TestCurrency" */ = {
			isa = XCConfigurationList;
			buildConfigurations = (
				F505A59F29886A2B00E17545 /* Debug */,
				F505A5A029886A2B00E17545 /* Release */,
			);
			defaultConfigurationIsVisible = 0;
			defaultConfigurationName = Release;
		};
		F505A5A129886A2B00E17545 /* Build configuration list for PBXNativeTarget "TestCurrency" */ = {
			isa = XCConfigurationList;
			buildConfigurations = (
				F505A5A229886A2B00E17545 /* Debug */,
				F505A5A329886A2B00E17545 /* Release */,
			);
			defaultConfigurationIsVisible = 0;
			defaultConfigurationName = Release;
		};
		F505A5A429886A2B00E17545 /* Build configuration list for PBXNativeTarget "TestCurrencyTests" */ = {
			isa = XCConfigurationList;
			buildConfigurations = (
				F505A5A529886A2B00E17545 /* Debug */,
				F505A5A629886A2B00E17545 /* Release */,
			);
			defaultConfigurationIsVisible = 0;
			defaultConfigurationName = Release;
		};
		F505A5A729886A2B00E17545 /* Build configuration list for PBXNativeTarget "TestCurrencyUITests" */ = {
			isa = XCConfigurationList;
			buildConfigurations = (
				F505A5A829886A2B00E17545 /* Debug */,
				F505A5A929886A2B00E17545 /* Release */,
			);
			defaultConfigurationIsVisible = 0;
			defaultConfigurationName = Release;
		};
/* End XCConfigurationList section */

/* Begin XCVersionGroup section */
		F505A58029886A2900E17545 /* TestCurrency.xcdatamodeld */ = {
			isa = XCVersionGroup;
			children = (
				F505A58129886A2900E17545 /* TestCurrency.xcdatamodel */,
			);
			currentVersion = F505A58129886A2900E17545 /* TestCurrency.xcdatamodel */;
			path = TestCurrency.xcdatamodeld;
			sourceTree = "<group>";
			versionGroupType = wrapper.xcdatamodel;
		};
/* End XCVersionGroup section */
	};
	rootObject = F505A56C29886A2800E17545 /* Project object */;
}
